
Microsoft Visual Studio Solution File, Format Version 11.00
# Visual Studio 2010
Project("{FAE04EC0-301F-11D3-BF4B-00C04F79EFBC}") = "MachineFramework", "MachineFramework.csproj", "{B2835D64-7325-4BAC-85FD-576512D9D84B}"
EndProject
Global
	GlobalSection(SolutionConfigurationPlatforms) = preSolution
		Debug|Any CPU = Debug|Any CPU
		Release|Any CPU = Release|Any CPU
	EndGlobalSection
	GlobalSection(ProjectConfigurationPlatforms) = postSolution
		{B2835D64-7325-4BAC-85FD-576512D9D84B}.Debug|Any CPU.ActiveCfg = Debug|Any CPU
		{B2835D64-7325-4BAC-85FD-576512D9D84B}.Debug|Any CPU.Build.0 = Debug|Any CPU
		{B2835D64-7325-4BAC-85FD-576512D9D84B}.Release|Any CPU.ActiveCfg = Release|Any CPU
		{B2835D64-7325-4BAC-85FD-576512D9D84B}.Release|Any CPU.Build.0 = Release|Any CPU
	EndGlobalSection
	GlobalSection(SolutionProperties) = preSolution
		HideSolutionNode = FALSE
	EndGlobalSection
EndGlobal
